
Microsoft Visual Studio Solution File, Format Version 12.00
# Visual Studio Version 16
VisualStudioVersion = 16.0.31105.61
MinimumVisualStudioVersion = 10.0.40219.1
Project("{FAE04EC0-301F-11D3-BF4B-00C04F79EFBC}") = "The Mobile Shop", "The Mobile Shop\The Mobile Shop.csproj", "{6933CFE7-3EE3-4B47-9B08-6F109687B938}"
EndProject
Project("{FAE04EC0-301F-11D3-BF4B-00C04F79EFBC}") = "TheMobileShopFormsApp", "TheMobleShopFormsApp\TheMobileShopFormsApp.csproj", "{D4A0ACF6-5BBA-408F-A75A-366657B3B93C}"
EndProject
Project("{00D1A9C2-B5F0-4AF3-8072-F6C62B433612}") = "TheMobileShopDB", "TheMobileShopDB\TheMobileShopDB.sqlproj", "{9350B60D-80F3-49D0-9B07-98D59191518E}"
EndProject
Global
	GlobalSection(SolutionConfigurationPlatforms) = preSolution
		Debug|Any CPU = Debug|Any CPU
		Release|Any CPU = Release|Any CPU
	EndGlobalSection
	GlobalSection(ProjectConfigurationPlatforms) = postSolution
		{6933CFE7-3EE3-4B47-9B08-6F109687B938}.Debug|Any CPU.ActiveCfg = Debug|Any CPU
		{6933CFE7-3EE3-4B47-9B08-6F109687B938}.Debug|Any CPU.Build.0 = Debug|Any CPU
		{6933CFE7-3EE3-4B47-9B08-6F109687B938}.Release|Any CPU.ActiveCfg = Release|Any CPU
		{6933CFE7-3EE3-4B47-9B08-6F109687B938}.Release|Any CPU.Build.0 = Release|Any CPU
		{D4A0ACF6-5BBA-408F-A75A-366657B3B93C}.Debug|Any CPU.ActiveCfg = Debug|Any CPU
		{D4A0ACF6-5BBA-408F-A75A-366657B3B93C}.Debug|Any CPU.Build.0 = Debug|Any CPU
		{D4A0ACF6-5BBA-408F-A75A-366657B3B93C}.Release|Any CPU.ActiveCfg = Release|Any CPU
		{D4A0ACF6-5BBA-408F-A75A-366657B3B93C}.Release|Any CPU.Build.0 = Release|Any CPU
		{9350B60D-80F3-49D0-9B07-98D59191518E}.Debug|Any CPU.ActiveCfg = Debug|Any CPU
		{9350B60D-80F3-49D0-9B07-98D59191518E}.Debug|Any CPU.Build.0 = Debug|Any CPU
		{9350B60D-80F3-49D0-9B07-98D59191518E}.Debug|Any CPU.Deploy.0 = Debug|Any CPU
		{9350B60D-80F3-49D0-9B07-98D59191518E}.Release|Any CPU.ActiveCfg = Release|Any CPU
		{9350B60D-80F3-49D0-9B07-98D59191518E}.Release|Any CPU.Build.0 = Release|Any CPU
		{9350B60D-80F3-49D0-9B07-98D59191518E}.Release|Any CPU.Deploy.0 = Release|Any CPU
	EndGlobalSection
	GlobalSection(SolutionProperties) = preSolution
		HideSolutionNode = FALSE
	EndGlobalSection
	GlobalSection(ExtensibilityGlobals) = postSolution
		SolutionGuid = {E958F71F-2B1C-4E31-AA0E-6B0F959AAD4E}
	EndGlobalSection
EndGlobal
